
Microsoft Visual Studio Solution File, Format Version 12.00
# Visual Studio Version 16
VisualStudioVersion = 16.0.29411.108
MinimumVisualStudioVersion = 10.0.40219.1
Project("{FAE04EC0-301F-11D3-BF4B-00C04F79EFBC}") = "201601639_자유낙하게임", "201601639_자유낙하게임.csproj", "{A62B1F4C-6201-4BF4-B229-B32EAA08FBB4}"
EndProject
Global
	GlobalSection(SolutionConfigurationPlatforms) = preSolution
		Debug|Any CPU = Debug|Any CPU
		Release|Any CPU = Release|Any CPU
	EndGlobalSection
	GlobalSection(ProjectConfigurationPlatforms) = postSolution
		{A62B1F4C-6201-4BF4-B229-B32EAA08FBB4}.Debug|Any CPU.ActiveCfg = Debug|Any CPU
		{A62B1F4C-6201-4BF4-B229-B32EAA08FBB4}.Debug|Any CPU.Build.0 = Debug|Any CPU
		{A62B1F4C-6201-4BF4-B229-B32EAA08FBB4}.Release|Any CPU.ActiveCfg = Release|Any CPU
		{A62B1F4C-6201-4BF4-B229-B32EAA08FBB4}.Release|Any CPU.Build.0 = Release|Any CPU
	EndGlobalSection
	GlobalSection(SolutionProperties) = preSolution
		HideSolutionNode = FALSE
	EndGlobalSection
	GlobalSection(ExtensibilityGlobals) = postSolution
		SolutionGuid = {288B6631-04C5-4701-82BF-77874419F16E}
	EndGlobalSection
EndGlobal
