
Microsoft Visual Studio Solution File, Format Version 12.00
# Visual Studio Version 16
VisualStudioVersion = 16.0.29411.108
MinimumVisualStudioVersion = 10.0.40219.1
Project("{FAE04EC0-301F-11D3-BF4B-00C04F79EFBC}") = "201601639_Calculate_Notdll", "201601639_Calculate_Notdll.csproj", "{2B5EA1B5-4B72-420F-8853-A8EAEB5596D7}"
EndProject
Global
	GlobalSection(SolutionConfigurationPlatforms) = preSolution
		Debug|Any CPU = Debug|Any CPU
		Release|Any CPU = Release|Any CPU
	EndGlobalSection
	GlobalSection(ProjectConfigurationPlatforms) = postSolution
		{2B5EA1B5-4B72-420F-8853-A8EAEB5596D7}.Debug|Any CPU.ActiveCfg = Debug|Any CPU
		{2B5EA1B5-4B72-420F-8853-A8EAEB5596D7}.Debug|Any CPU.Build.0 = Debug|Any CPU
		{2B5EA1B5-4B72-420F-8853-A8EAEB5596D7}.Release|Any CPU.ActiveCfg = Release|Any CPU
		{2B5EA1B5-4B72-420F-8853-A8EAEB5596D7}.Release|Any CPU.Build.0 = Release|Any CPU
	EndGlobalSection
	GlobalSection(SolutionProperties) = preSolution
		HideSolutionNode = FALSE
	EndGlobalSection
	GlobalSection(ExtensibilityGlobals) = postSolution
		SolutionGuid = {6CDD8B50-2C9D-4FBC-BB3E-335E2403270F}
	EndGlobalSection
EndGlobal
